# This file was autogenerated by uv via the following command:
#    uv pip compile requirements-mri.in --generate-hashes --python-version 3.12 --output-file requirements-mri.lock
pydicom==3.0.2 \
    --hash=sha256:5942bfc2d72c6fa4b3b5b62c527f54b7f2355f21d6f5d296df6bb30188df6a4f \
    --hash=sha256:abf971a5440f84dbaf42c4b6758e30e62480902584f8b270b9a5d146e278a07b
    # via -r requirements-mri.in
