# This file was autogenerated by uv via the following command:
#    uv pip compile requirements-dev.in --generate-hashes -o requirements-dev.lock
attrs==26.1.0 \
    --hash=sha256:c647aa4a12dfbad9333ca4e71fe62ddc36f4e63b2d260a37a8b83d2f043ac309 \
    --hash=sha256:d03ceb89cb322a8fd706d4fb91940737b6642aa36998fe130a9bc96c985eff32
    # via
    #   jsonschema
    #   referencing
build==1.3.0 \
    --hash=sha256:698edd0ea270bde950f53aed21f3a0135672206f3911e0176261a31e0e07b397 \
    --hash=sha256:7145f0b5061ba90a1500d60bd1b13ca0a8a4cebdd0cc16ed8adf1c0e739f43b4
    # via -r requirements-dev.in
colorama==0.4.6 \
    --hash=sha256:08695f5cb7ed6e0531a20572697297273c47b8cae5a63ffc6d6ed5c201be6e44 \
    --hash=sha256:4f1d9991f5acc0ca119f9d443620b77f9d6b33703e51011c16baf57afb285fc6
    # via
    #   build
    #   pytest
coverage==7.16.0 \
    --hash=sha256:01b18b8a6c9cec8d5f45550e2501426ed982cf2c35016b0acd2ba9b5d8b2fb06 \
    --hash=sha256:0466f4a5c0370461b7d8c7eb259d7d1db0b5756f13d66230b04d22a1d380ee11 \
    --hash=sha256:050a291b3cfe5e0df5999ef2fa5a7aff6e2db329f069d47eb63f02bde2e7e96b \
    --hash=sha256:058631257350b31784ed43ceb808298b6f074edf4ebca4c7ce5082e6bf873a61 \
    --hash=sha256:0598aadae641f30a0796b75b45c0b9c5de8619bd5cfb251bb0cc254e86e6dd13 \
    --hash=sha256:06f20145a9eb5bf1fd1dde3c0bc2af2e7c22135ab07ca6284d6ada7cc3904c4e \
    --hash=sha256:077f0964087883176ff6ab9b074694cae29f8c708273b13ca62c183c6ed716cd \
    --hash=sha256:0bb04ee77e557d7476471969d35fbbfb5fc8a4152e9409aa5811780c36d9b23e \
    --hash=sha256:0ccc37c00e1a5d30840902c54557e104d04aead872cedf6d2281c8725a467e06 \
    --hash=sha256:0fca700cae4635656668ba6e2b66a85aac9f2622d7b2bcf82e844c409eaa1313 \
    --hash=sha256:136988df5bc5a48795d9c42c75c4bbda5d9a78e750a080c1233010edff93a1af \
    --hash=sha256:1420370276f1694b663207b8245c3628aafb9624fe3cebf313a13d860e55ee67 \
    --hash=sha256:151855767480be14db595cbc2040f6a4db965cdfeebd354d79b0256742b029e0 \
    --hash=sha256:1545c52ce756b8a97007f439a220297f1cd72a2cbbcdffccdf1c1f70e74f9a42 \
    --hash=sha256:17fc3628f99812fec24f40092af34c1c73274d331babab3d1d768a75de650cf7 \
    --hash=sha256:181c2906b9b3759955c1c33c51fbb91c754fbd0b82ea49e2c81061f5a052082c \
    --hash=sha256:183613f664718b340589d7f005c7e92b4b601cffd20a8a4117cfda3e983b080f \
    --hash=sha256:190ffa0f5af966254c249fb3aeaca2cef389785e3e287fd577d39e134d20f8a3 \
    --hash=sha256:1a03e78f53e4d2ab13adac19958a89322d1829913e5623d642627bf60b35da21 \
    --hash=sha256:1c2c45ee1853668f0ea1a0ddff396421c9dc5ad25a56bfb94a895970c2d8e7c2 \
    --hash=sha256:1c5a43cc0ef101637ae920a9eed24cf0549ef815621eae68b3ad577ec5a7ad2f \
    --hash=sha256:1f81cb1554c3712e41649ed5dc98656b50b958e4da12f0f5adb681ce3db92831 \
    --hash=sha256:22d8802827404be32f5a4d6ddc037f6fa0074b7d06702c0224cb598def8b665d \
    --hash=sha256:245f7de6d023a5bba375dbec9f2e0869bfa26ac0cc639bbb7b4c814884000b73 \
    --hash=sha256:26e7de0cb87960c6c9b5cad760068dab767b2b49a3b9376e1992c1e2691a015e \
    --hash=sha256:27461af9f3ed7d2cf2411eb083784f87055ebf42211789ae3a216c48609bc743 \
    --hash=sha256:289f2ed4d56eebf029b649e7dfc3c1153b111962a75e294cdd8e4a1598a04cc3 \
    --hash=sha256:2c3ff6580f2dfc5bec34717b85b2e6cf5ec993b721e7bb58a794babd525a8178 \
    --hash=sha256:2ddaa9e2af4760a329d80008b7a3b4762fbb0dbcb169199360f9a5179c32f2dc \
    --hash=sha256:30f5aee6d1d517abcdfd4f9cad027969ff79a1440a22da263f9514e31b5b66e9 \
    --hash=sha256:32c56b5b47c50635081445ac404dd08c2d591b9c837c22570aa9e182c3b42cd4 \
    --hash=sha256:34d8686bce035c8465b318a8c2890e69ba14a00801a27f4eb6bdc97c23944d87 \
    --hash=sha256:35a9676bf86097f790113ebd9fb67681804ef54d40941d2f10ba68c02239e575 \
    --hash=sha256:360967a6fd77794c167529eec2d16ff8e38216110619d23acc3fd466a1648bee \
    --hash=sha256:36aed4951aedf04cbe9465e76f8e71219980a52b73d07afe69746cba6ba7b97a \
    --hash=sha256:38b8e1e73750b8965d1154ed733f5303acd4e24ee2d5ee872bb1bfab744a31ce \
    --hash=sha256:3e8037e8213adf882e9d7eedd2c5c557933ab0b9632c42d98fe98ec9bcdb4025 \
    --hash=sha256:4080ad6bad9f14690e6b2104f5e8d137ccc65a4b5427a36662090637d4bd16d5 \
    --hash=sha256:4212cec9b42fd9929e70b462732fefd8b13406371871c82f3c14397499d6550b \
    --hash=sha256:47d5e1fc0b321c8308a2aacee0497c435b08acaa629b7059798fdf6fc3006352 \
    --hash=sha256:496277c8d7beed695e02c7be53516a0152e4caef8738a0feab6a638546cce449 \
    --hash=sha256:49fa72ead28c8216f8916398a4f3c4669acb30a061822810ee20a727a1be2897 \
    --hash=sha256:4b1d09cb5d8dc2c7164450f5217e6f0717497de9c588806a0780d352abef904a \
    --hash=sha256:4c1f16d5555a195295d0dc9c902612270e3dfed6a11f3bf7bc470b7b6a79ed3c \
    --hash=sha256:4fcb5f07a9b7083bfb715115d27ce263ba2b5b89dddeee536b295ba0e3c2c627 \
    --hash=sha256:507596cee23e9968b1934fe86d799b76166541af0a293930918b1b48a5c84bd2 \
    --hash=sha256:51e7d0e311d2fba3915f971236cbdd4ad821fc7a23988221c0b33c964b0eba22 \
    --hash=sha256:5205baea687133613dced668a3d0168ea1479349615bfc255849a7944988c889 \
    --hash=sha256:54b7fba6a74d010de34319a0419d5b65af8c00f539ad0b6f39fc6f342ab99697 \
    --hash=sha256:55957d350452017f523b9b03ffac078f9a214e23c04a3d0a674569203550c719 \
    --hash=sha256:577c2ac8c0036f6f8edd3a7783a9e67302b17771d1abf0fd2ed246e3158be51b \
    --hash=sha256:584896fb8b650e999e24ef57e9513e482c12f8e15a73ee9d4584e23c99465867 \
    --hash=sha256:5dad64d9c17cb1983adef07998e6e2e1cf870a156f1ea80f81ce1970f4c545ce \
    --hash=sha256:64f0611ee05364fc85cc3e5bc371804117a76fd337720e6017332fc7c534257a \
    --hash=sha256:69474d81f198774c9d2937599ca5da04c9e1c5de5032da23c607ce4960ce360e \
    --hash=sha256:6ad3bbad240ab937512156bc944fdee63ac4dd34a7558a3094548fd4c1150c02 \
    --hash=sha256:6c60cde430c0e7e3be612973af39b4cff90ec2e2defe7b2b701daea3a0ffff04 \
    --hash=sha256:6e2854b62601c89a63814ad5def3b90d99c6724cc4cb977f75b725e5fca4b1e3 \
    --hash=sha256:6e701938ec9081d3e400a0c9a9a8ae0f7ca44214741daeac4454b1c6ef6dbd19 \
    --hash=sha256:6fde65e0ea945920265dfe4a2108fc45eee2e2ea3d9c3073af6373ff9836aa71 \
    --hash=sha256:719a3feb6220dd32ed932d4c3676d17fb8739e2643b29c0e7c3af400ff80ac44 \
    --hash=sha256:72a0795cc6d34acc2b03dfeabdc82b61b72087f2737018b56ac92c1cf5446c54 \
    --hash=sha256:770d4244c423dcafb5c31db393f429fe952b1bba23bbff7cc3886f8133769ba5 \
    --hash=sha256:78103e79f9378cb0e43ddaa728629a373c070df903c5dfa98b63ba2cfb4e8c42 \
    --hash=sha256:785b114356c99c0dd5b3f57b9696cfd57b7704f4c53847df8dc88c6cc0d9bcb6 \
    --hash=sha256:78f8b56261d608be102c62edd3a60b66bcd0b581f3f86fdcabaf8b8d95adc950 \
    --hash=sha256:7cae7715afa51dd7c9c42e6603bb46daf424c3449fdf06519cc658aa8d46e2e4 \
    --hash=sha256:80cf547379ad6b1878fd03b033b51188beab4b41824c96e7839e014a4cb947be \
    --hash=sha256:80d7d5d744a041f08637df743ac086204ec5acbcd8432a42b00b49e607358024 \
    --hash=sha256:81d63b68b26304e3668edb103311c17fe13c2ed1c7fe973309819f27bf61c5b8 \
    --hash=sha256:857fceba6ff4b507ee0ad98798a33d544a8473df0c542bf04251ee4ed5ee6292 \
    --hash=sha256:87771ecf986cff55e87413238cd5e4f54d949c2074bd6fc1657d26a56314ee24 \
    --hash=sha256:916cf8d25c1ce148f7eceb1d45afc9724841200110adc4e53250391852debd91 \
    --hash=sha256:92cbc2bf4f7f67c79f1d3ca4fe8c50faddf48e852a3d07eaaf02dc014889832f \
    --hash=sha256:9421dde689e68d9fd2b6cd7d8c4498e79b5431467b6298517e3f3e60fdbe80a7 \
    --hash=sha256:949eae7e0f562b1518355aaef4b03523e49a6d3fea12aa3542d9e36c863f8267 \
    --hash=sha256:97051c4903689b1afedc2a354d6118223051e03588078b53048603bda9014577 \
    --hash=sha256:984e5430fc6f858385009e92549955157d79335b1f3e13e1031e0f89d1284261 \
    --hash=sha256:9b83f6ac575530783771c8dcf05284f7c8b5b12f1e7cb226d63445aac4497a3a \
    --hash=sha256:9c0690994b84a15a53bdd39e0b2fdb539b22533820623eb86ba75b93760c645b \
    --hash=sha256:a336b1e2990a64f5c356a9b8380fb9c029d56c832b801255250c44d603271bfd \
    --hash=sha256:a3cd34b9025d62180ce2b5dae8a985bfa6cb8c05ecd57fd34ffc1ff751b5a74d \
    --hash=sha256:a739bf08cdca0fad51b73322e4fade0102dd87794e278450b5ee87ef827954db \
    --hash=sha256:a89d07e48d9baead9a15599923a02f62c6df6c3d85aa84ef34be3c9fd6aeb91f \
    --hash=sha256:acadbf2f2a18d7f9c7f119ac798c00c540d7c79c93abd71ed648c87891303633 \
    --hash=sha256:b1374099dd1ad0d31fbb6c95d00a56a3c5e85fb3343dca14fc12f78323a2b42a \
    --hash=sha256:b2af58ecdcec37fe633d4865fccbc8c00d8aa3b31c099bcacb2720c9a0be6ab9 \
    --hash=sha256:b37ad5cbb77776f446e1b55b461eec2eef5c3e7130c72dc0e1447c3a9da2d199 \
    --hash=sha256:b670bd5fa93d9b6855b2837217b45a90863118e2de5e9e033aebd46d07cd08d3 \
    --hash=sha256:b7dbbbf6551eb94618e7bc76ab61cc2740a5b3d13294171bd6adb36e12346c3c \
    --hash=sha256:bbf08d951abaa1ce89e28c998361d56b952413846b459cd017f116ad4c9adbfa \
    --hash=sha256:c1bcfe470a796fbea6234accd81d258a31574dc0b7bf569e16be757572c4de17 \
    --hash=sha256:c5297028c8df849a61b29129cadfe682f90b5b396f528eb319a57d7678eefdad \
    --hash=sha256:c5612cc20ca76abc883e50269af47c1494b42958bb63dbb9aa79729a1ab5f7d3 \
    --hash=sha256:c5feffce90c3d602e149de1c477578efc34dee5f069f9764cc15808ce01ee15c \
    --hash=sha256:c72c9b201dc0e8c2c8821d49858fd865010d08181bf877d2320971b6464ebfd5 \
    --hash=sha256:c76a9b50a344261fe4a9bd20c322b48d3913cc48e8c37f78c21a596008296e68 \
    --hash=sha256:c94ef980f7b94d9dab9dac076d44ca706654cd51bad19734e029084adf528c8e \
    --hash=sha256:cb953835dbfa6d641ac3943e0986bc680f8abbdc2985af15b46c54985347146a \
    --hash=sha256:cc12e5e32acdd62fe5895939695579560639853219288519685c75b7e968d63a \
    --hash=sha256:cce4dc8528453128c6fae523b15f3887fbea1d4d7c9eb9639d3d4fdcbe570c73 \
    --hash=sha256:cd1e85abed2d2499c16664137ac802356316f92b4e2bf3c150bdf0c45f5dd9ae \
    --hash=sha256:ce2ba5e9f1842fe09165825abfb3bc6b527c71a27bc2eb3a10f2284ced64506d \
    --hash=sha256:d1c77c3579ac42798f8b7eed6d3dd258debacca32c8753fc8a1f6eaf1db644f5 \
    --hash=sha256:d568a8adcec0eda42ec23e5e65dfb8c184fc255120f9e99b484f7c869d923fb9 \
    --hash=sha256:d9a218d3f9c7d6916684ed5ba94f620661117a730e733cd6ef5e87accc5872eb \
    --hash=sha256:dcd3dafcdd78305d27c59a1006b53a4990acb89e68d8fbe0992f4f83503c827f \
    --hash=sha256:de24c62bf798940a14674a47489a81b79915ec4134f556d5199830e065225dd0 \
    --hash=sha256:e40e323711b485592354069b1c027ef879cc2d11657eac09a6e5ad0b49ab7406 \
    --hash=sha256:e6b2b9599e7513b0a9c5bf0357f9f8deaa4c2c821025b0693d420e6602748981 \
    --hash=sha256:e9883a2f8206ce3af59117dc278e5d043fea06912bca3f199816129e5e2de354 \
    --hash=sha256:ebaf39dd13f8af65fe5f0316b81046228ef4d91d3c3766192b418753649896d6 \
    --hash=sha256:ed35097438dfa980c1ec75bc83edf8acbe7a374d7007e571957a257fbd0e2fb3 \
    --hash=sha256:edc2be98e6c55ccc5ff7832bb64f023a4b03dba39dfa84b850046cf08a8249b0 \
    --hash=sha256:f093faf23df888518d273be6da65f0ec5a25b5d8b670231e4d87de07361042e7 \
    --hash=sha256:f6c9c21a8bf0d19788f3c5f3e020c90317a0a63ef60521b376003801e21250fb \
    --hash=sha256:f98d438add63546745e5e847192e3e9ab897ed6f2ca96f8281e2f5a15958ae62 \
    --hash=sha256:f99d12f8234c00b88b8077fedf288b25c77f746de312053b7db90fa756ecbdb3 \
    --hash=sha256:fa4ff0b3dd52208d2b30903022d5087f82000507b504753dfeee83e4f32d6883 \
    --hash=sha256:fddd26ed9a2527a7e23f7e4c1fd0734c4a5b45f77b261da1c536b20a7d2e6f0c \
    --hash=sha256:fe5aa402d02318db2f41e471320b2ecca6085b8f595a034c037085732e49c04a
    # via pytest-cov
iniconfig==2.3.0 \
    --hash=sha256:c76315c77db068650d49c5b56314774a7804df16fee4402c1f19d6d15d8c4730 \
    --hash=sha256:f631c04d2c48c52b84d0d0549c99ff3859c98df65b3101406327ecc7d53fbf12
    # via pytest
jsonschema==4.25.1 \
    --hash=sha256:3fba0169e345c7175110351d456342c364814cfcf3b964ba4587f22915230a63 \
    --hash=sha256:e4a9655ce0da0c0b67a085847e00a3a51449e1157f4f75e9fb5aa545e122eb85
    # via -r requirements.in
jsonschema-specifications==2025.9.1 \
    --hash=sha256:98802fee3a11ee76ecaca44429fda8a41bff98b00a0f2838151b113f210cc6fe \
    --hash=sha256:b540987f239e745613c7a9176f3edb72b832a4ac465cf02712288397832b5e8d
    # via jsonschema
numpy==2.2.6 \
    --hash=sha256:038613e9fb8c72b0a41f025a7e4c3f0b7a1b5d768ece4796b674c8f3fe13efff \
    --hash=sha256:0678000bb9ac1475cd454c6b8c799206af8107e310843532b04d49649c717a47 \
    --hash=sha256:0811bb762109d9708cca4d0b13c4f67146e3c3b7cf8d34018c722adb2d957c84 \
    --hash=sha256:0b605b275d7bd0c640cad4e5d30fa701a8d59302e127e5f79138ad62762c3e3d \
    --hash=sha256:0bca768cd85ae743b2affdc762d617eddf3bcf8724435498a1e80132d04879e6 \
    --hash=sha256:1bc23a79bfabc5d056d106f9befb8d50c31ced2fbc70eedb8155aec74a45798f \
    --hash=sha256:287cc3162b6f01463ccd86be154f284d0893d2b3ed7292439ea97eafa8170e0b \
    --hash=sha256:37c0ca431f82cd5fa716eca9506aefcabc247fb27ba69c5062a6d3ade8cf8f49 \
    --hash=sha256:37e990a01ae6ec7fe7fa1c26c55ecb672dd98b19c3d0e1d1f326fa13cb38d163 \
    --hash=sha256:389d771b1623ec92636b0786bc4ae56abafad4a4c513d36a55dce14bd9ce8571 \
    --hash=sha256:3d70692235e759f260c3d837193090014aebdf026dfd167834bcba43e30c2a42 \
    --hash=sha256:41c5a21f4a04fa86436124d388f6ed60a9343a6f767fced1a8a71c3fbca038ff \
    --hash=sha256:481b49095335f8eed42e39e8041327c05b0f6f4780488f61286ed3c01368d491 \
    --hash=sha256:4eeaae00d789f66c7a25ac5f34b71a7035bb474e679f410e5e1a94deb24cf2d4 \
    --hash=sha256:55a4d33fa519660d69614a9fad433be87e5252f4b03850642f88993f7b2ca566 \
    --hash=sha256:5a6429d4be8ca66d889b7cf70f536a397dc45ba6faeb5f8c5427935d9592e9cf \
    --hash=sha256:5bd4fc3ac8926b3819797a7c0e2631eb889b4118a9898c84f585a54d475b7e40 \
    --hash=sha256:5beb72339d9d4fa36522fc63802f469b13cdbe4fdab4a288f0c441b74272ebfd \
    --hash=sha256:6031dd6dfecc0cf9f668681a37648373bddd6421fff6c66ec1624eed0180ee06 \
    --hash=sha256:71594f7c51a18e728451bb50cc60a3ce4e6538822731b2933209a1f3614e9282 \
    --hash=sha256:74d4531beb257d2c3f4b261bfb0fc09e0f9ebb8842d82a7b4209415896adc680 \
    --hash=sha256:7befc596a7dc9da8a337f79802ee8adb30a552a94f792b9c9d18c840055907db \
    --hash=sha256:894b3a42502226a1cac872f840030665f33326fc3dac8e57c607905773cdcde3 \
    --hash=sha256:8e41fd67c52b86603a91c1a505ebaef50b3314de0213461c7a6e99c9a3beff90 \
    --hash=sha256:8e9ace4a37db23421249ed236fdcdd457d671e25146786dfc96835cd951aa7c1 \
    --hash=sha256:8fc377d995680230e83241d8a96def29f204b5782f371c532579b4f20607a289 \
    --hash=sha256:9551a499bf125c1d4f9e250377c1ee2eddd02e01eac6644c080162c0c51778ab \
    --hash=sha256:b0544343a702fa80c95ad5d3d608ea3599dd54d4632df855e4c8d24eb6ecfa1c \
    --hash=sha256:b093dd74e50a8cba3e873868d9e93a85b78e0daf2e98c6797566ad8044e8363d \
    --hash=sha256:b412caa66f72040e6d268491a59f2c43bf03eb6c96dd8f0307829feb7fa2b6fb \
    --hash=sha256:b4f13750ce79751586ae2eb824ba7e1e8dba64784086c98cdbbcc6a42112ce0d \
    --hash=sha256:b64d8d4d17135e00c8e346e0a738deb17e754230d7e0810ac5012750bbd85a5a \
    --hash=sha256:ba10f8411898fc418a521833e014a77d3ca01c15b0c6cdcce6a0d2897e6dbbdf \
    --hash=sha256:bd48227a919f1bafbdda0583705e547892342c26fb127219d60a5c36882609d1 \
    --hash=sha256:c1f9540be57940698ed329904db803cf7a402f3fc200bfe599334c9bd84a40b2 \
    --hash=sha256:c820a93b0255bc360f53eca31a0e676fd1101f673dda8da93454a12e23fc5f7a \
    --hash=sha256:ce47521a4754c8f4593837384bd3424880629f718d87c5d44f8ed763edd63543 \
    --hash=sha256:d042d24c90c41b54fd506da306759e06e568864df8ec17ccc17e9e884634fd00 \
    --hash=sha256:de749064336d37e340f640b05f24e9e3dd678c57318c7289d222a8a2f543e90c \
    --hash=sha256:e1dda9c7e08dc141e0247a5b8f49cf05984955246a327d4c48bda16821947b2f \
    --hash=sha256:e29554e2bef54a90aa5cc07da6ce955accb83f21ab5de01a62c8478897b264fd \
    --hash=sha256:e3143e4451880bed956e706a3220b4e5cf6172ef05fcc397f6f36a550b1dd868 \
    --hash=sha256:e8213002e427c69c45a52bbd94163084025f533a55a59d6f9c5b820774ef3303 \
    --hash=sha256:efd28d4e9cd7d7a8d39074a4d44c63eda73401580c5c76acda2ce969e0a38e83 \
    --hash=sha256:f0fd6321b839904e15c46e0d257fdd101dd7f530fe03fd6359c1ea63738703f3 \
    --hash=sha256:f1372f041402e37e5e633e586f62aa53de2eac8d98cbfb822806ce4bbefcb74d \
    --hash=sha256:f2618db89be1b4e05f7a1a847a9c1c0abd63e63a1607d892dd54668dd92faf87 \
    --hash=sha256:f447e6acb680fd307f40d3da4852208af94afdfab89cf850986c3ca00562f4fa \
    --hash=sha256:f92729c95468a2f4f15e9bb94c432a9229d0d50de67304399627a943201baa2f \
    --hash=sha256:f9f1adb22318e121c5c69a09142811a201ef17ab257a1e66ca3025065b7f53ae \
    --hash=sha256:fc0c5673685c508a142ca65209b4e79ed6740a4ed6b2267dbba90f34b0b3cfda \
    --hash=sha256:fc7b73d02efb0e18c000e9ad8b83480dfcd5dfd11065997ed4c6747470ae8915 \
    --hash=sha256:fd83c01228a688733f1ded5201c678f0c53ecc1006ffbc404db9f7a899ac6249 \
    --hash=sha256:fe27749d33bb772c80dcd84ae7e8df2adc920ae8297400dabec45f0dedb3f6de \
    --hash=sha256:fee4236c876c4e8369388054d02d0e9bb84821feb1a64dd59e137e6511a551f8
    # via
    #   -r requirements.in
    #   opencv-python-headless
opencv-python-headless==4.12.0.88 \
    --hash=sha256:1e58d664809b3350c1123484dd441e1667cd7bed3086db1b9ea1b6f6cb20b50e \
    --hash=sha256:236c8df54a90f4d02076e6f9c1cc763d794542e886c576a6fee46ec8ff75a7a9 \
    --hash=sha256:365bb2e486b50feffc2d07a405b953a8f3e8eaa63865bc650034e5c71e7a5154 \
    --hash=sha256:86b413bdd6c6bf497832e346cd5371995de148e579b9774f8eba686dee3f5528 \
    --hash=sha256:aeb4b13ecb8b4a0beb2668ea07928160ea7c2cd2d9b5ef571bbee6bafe9cc8d0 \
    --hash=sha256:cfdc017ddf2e59b6c2f53bc12d74b6b0be7ded4ec59083ea70763921af2b6c09 \
    --hash=sha256:fde2cf5c51e4def5f2132d78e0c08f9c14783cd67356922182c6845b9af87dbd
    # via -r requirements.in
packaging==26.3 \
    --hash=sha256:94edc256424af38762eb31306eed28beb9f0efc50a8837492c9d6fd6004aed79 \
    --hash=sha256:d7193f7c8e4e93f444fde0262bf90af30e16fa0ad0ad44cb553c87339b23cd1c
    # via
    #   build
    #   pytest
pluggy==1.6.0 \
    --hash=sha256:7dcc130b76258d33b90f61b658791dede3486c3e6bfb003ee5c9bfb396dd22f3 \
    --hash=sha256:e920276dd6813095e9377c0bc5566d94c932c33b27a3e3945d8389c374dd4746
    # via
    #   pytest
    #   pytest-cov
pygments==2.21.0 \
    --hash=sha256:2363c69b61c4a97c838da3b130dcd6468f4848992b21a82f2a63ec34377137d9 \
    --hash=sha256:610ca751c9bc2492b38eb9a38a7fbc93edbbb2d7182edaf34e66ae493dee5c8c
    # via pytest
pyproject-hooks==1.2.0 \
    --hash=sha256:1e859bd5c40fae9448642dd871adf459e5e2084186e8d2c2a79a824c970da1f8 \
    --hash=sha256:9e5c6bfa8dcc30091c74b0cf803c81fdd29d94f01992a7707bc97babb1141913
    # via build
pytest==8.4.2 \
    --hash=sha256:86c0d0b93306b961d58d62a4db4879f27fe25513d4b969df351abdddb3c30e01 \
    --hash=sha256:872f880de3fc3a5bdc88a11b39c9710c3497a547cfa9320bc3c5e62fbf272e79
    # via
    #   -r requirements-dev.in
    #   pytest-cov
pytest-cov==6.3.0 \
    --hash=sha256:35c580e7800f87ce892e687461166e1ac2bcb8fb9e13aea79032518d6e503ff2 \
    --hash=sha256:440db28156d2468cafc0415b4f8e50856a0d11faefa38f30906048fe490f1749
    # via -r requirements-dev.in
pyyaml==6.0.2 \
    --hash=sha256:01179a4a8559ab5de078078f37e5c1a30d76bb88519906844fd7bdea1b7729ff \
    --hash=sha256:0833f8694549e586547b576dcfaba4a6b55b9e96098b36cdc7ebefe667dfed48 \
    --hash=sha256:0a9a2848a5b7feac301353437eb7d5957887edbf81d56e903999a75a3d743086 \
    --hash=sha256:0b69e4ce7a131fe56b7e4d770c67429700908fc0752af059838b1cfb41960e4e \
    --hash=sha256:0ffe8360bab4910ef1b9e87fb812d8bc0a308b0d0eef8c8f44e0254ab3b07133 \
    --hash=sha256:11d8f3dd2b9c1207dcaf2ee0bbbfd5991f571186ec9cc78427ba5bd32afae4b5 \
    --hash=sha256:17e311b6c678207928d649faa7cb0d7b4c26a0ba73d41e99c4fff6b6c3276484 \
    --hash=sha256:1e2120ef853f59c7419231f3bf4e7021f1b936f6ebd222406c3b60212205d2ee \
    --hash=sha256:1f71ea527786de97d1a0cc0eacd1defc0985dcf6b3f17bb77dcfc8c34bec4dc5 \
    --hash=sha256:23502f431948090f597378482b4812b0caae32c22213aecf3b55325e049a6c68 \
    --hash=sha256:24471b829b3bf607e04e88d79542a9d48bb037c2267d7927a874e6c205ca7e9a \
    --hash=sha256:29717114e51c84ddfba879543fb232a6ed60086602313ca38cce623c1d62cfbf \
    --hash=sha256:2e99c6826ffa974fe6e27cdb5ed0021786b03fc98e5ee3c5bfe1fd5015f42b99 \
    --hash=sha256:39693e1f8320ae4f43943590b49779ffb98acb81f788220ea932a6b6c51004d8 \
    --hash=sha256:3ad2a3decf9aaba3d29c8f537ac4b243e36bef957511b4766cb0057d32b0be85 \
    --hash=sha256:3b1fdb9dc17f5a7677423d508ab4f243a726dea51fa5e70992e59a7411c89d19 \
    --hash=sha256:41e4e3953a79407c794916fa277a82531dd93aad34e29c2a514c2c0c5fe971cc \
    --hash=sha256:43fa96a3ca0d6b1812e01ced1044a003533c47f6ee8aca31724f78e93ccc089a \
    --hash=sha256:50187695423ffe49e2deacb8cd10510bc361faac997de9efef88badc3bb9e2d1 \
    --hash=sha256:5ac9328ec4831237bec75defaf839f7d4564be1e6b25ac710bd1a96321cc8317 \
    --hash=sha256:5d225db5a45f21e78dd9358e58a98702a0302f2659a3c6cd320564b75b86f47c \
    --hash=sha256:6395c297d42274772abc367baaa79683958044e5d3835486c16da75d2a694631 \
    --hash=sha256:688ba32a1cffef67fd2e9398a2efebaea461578b0923624778664cc1c914db5d \
    --hash=sha256:68ccc6023a3400877818152ad9a1033e3db8625d899c72eacb5a668902e4d652 \
    --hash=sha256:70b189594dbe54f75ab3a1acec5f1e3faa7e8cf2f1e08d9b561cb41b845f69d5 \
    --hash=sha256:797b4f722ffa07cc8d62053e4cff1486fa6dc094105d13fea7b1de7d8bf71c9e \
    --hash=sha256:7c36280e6fb8385e520936c3cb3b8042851904eba0e58d277dca80a5cfed590b \
    --hash=sha256:7e7401d0de89a9a855c839bc697c079a4af81cf878373abd7dc625847d25cbd8 \
    --hash=sha256:80bab7bfc629882493af4aa31a4cfa43a4c57c83813253626916b8c7ada83476 \
    --hash=sha256:82d09873e40955485746739bcb8b4586983670466c23382c19cffecbf1fd8706 \
    --hash=sha256:8388ee1976c416731879ac16da0aff3f63b286ffdd57cdeb95f3f2e085687563 \
    --hash=sha256:8824b5a04a04a047e72eea5cec3bc266db09e35de6bdfe34c9436ac5ee27d237 \
    --hash=sha256:8b9c7197f7cb2738065c481a0461e50ad02f18c78cd75775628afb4d7137fb3b \
    --hash=sha256:9056c1ecd25795207ad294bcf39f2db3d845767be0ea6e6a34d856f006006083 \
    --hash=sha256:936d68689298c36b53b29f23c6dbb74de12b4ac12ca6cfe0e047bedceea56180 \
    --hash=sha256:9b22676e8097e9e22e36d6b7bda33190d0d400f345f23d4065d48f4ca7ae0425 \
    --hash=sha256:a4d3091415f010369ae4ed1fc6b79def9416358877534caf6a0fdd2146c87a3e \
    --hash=sha256:a8786accb172bd8afb8be14490a16625cbc387036876ab6ba70912730faf8e1f \
    --hash=sha256:a9f8c2e67970f13b16084e04f134610fd1d374bf477b17ec1599185cf611d725 \
    --hash=sha256:bc2fa7c6b47d6bc618dd7fb02ef6fdedb1090ec036abab80d4681424b84c1183 \
    --hash=sha256:c70c95198c015b85feafc136515252a261a84561b7b1d51e3384e0655ddf25ab \
    --hash=sha256:cc1c1159b3d456576af7a3e4d1ba7e6924cb39de8f67111c735f6fc832082774 \
    --hash=sha256:ce826d6ef20b1bc864f0a68340c8b3287705cae2f8b4b1d932177dcc76721725 \
    --hash=sha256:d584d9ec91ad65861cc08d42e834324ef890a082e591037abe114850ff7bbc3e \
    --hash=sha256:d7fded462629cfa4b685c5416b949ebad6cec74af5e2d42905d41e257e0869f5 \
    --hash=sha256:d84a1718ee396f54f3a086ea0a66d8e552b2ab2017ef8b420e92edbc841c352d \
    --hash=sha256:d8e03406cac8513435335dbab54c0d385e4a49e4945d2909a581c83647ca0290 \
    --hash=sha256:e10ce637b18caea04431ce14fabcf5c64a1c61ec9c56b071a4b7ca131ca52d44 \
    --hash=sha256:ec031d5d2feb36d1d1a24380e4db6d43695f3748343d99434e6f5f9156aaa2ed \
    --hash=sha256:ef6107725bd54b262d6dedcc2af448a266975032bc85ef0172c5f059da6325b4 \
    --hash=sha256:efdca5630322a10774e8e98e1af481aad470dd62c3170801852d752aa7a783ba \
    --hash=sha256:f753120cb8181e736c57ef7636e83f31b9c0d1722c516f7e86cf15b7aa57ff12 \
    --hash=sha256:ff3824dc5261f50c9b0dfb3be22b4567a6f938ccce4587b38952d85fd9e9afe4
    # via -r requirements.in
referencing==0.37.0 \
    --hash=sha256:381329a9f99628c9069361716891d34ad94af76e461dcb0335825aecc7692231 \
    --hash=sha256:44aefc3142c5b842538163acb373e24cce6632bd54bdb01b21ad5863489f50d8
    # via
    #   jsonschema
    #   jsonschema-specifications
rpds-py==2026.6.3 \
    --hash=sha256:0be972be84cfcaf46c8c6edf690ca0f154ac17babf1f6a955a51579b34ad2dc5 \
    --hash=sha256:127565fead0a10943b282957bd5447804ff3160ad79f2ad2635e6d249e380680 \
    --hash=sha256:127e08c0642d880cf32ca47ec2a4a77b901f7e2dd1ad9762adb13955d72ffcc9 \
    --hash=sha256:166cf54d9f44fc6ceb53c7860258dde44a81406646de79f8ed3234fca3b6e538 \
    --hash=sha256:168c733a7112e071bb7a66460e667edfcff06c017a3c523f7a8a8e08d0140804 \
    --hash=sha256:1967debc37f64f2c4dc90a7f563aec558b471966e12adcac4e1c4240496b6ebf \
    --hash=sha256:1cebd1337c242e4ec2293e541f712b2da849b29f48f0c293684b71c0632625d4 \
    --hash=sha256:1cf01971c4f2c5553b772a542e4aaf191789cd331bc2cd4ff0e6e65ba49e1e97 \
    --hash=sha256:1e5822dfc2f0d4ab7e745eaa6d85945069329beeccef965af3f3bb26058fcab6 \
    --hash=sha256:22bffe6042b9bcb0822bcd1955ec00e245daf17b4344e4ed8e9551b976b63e96 \
    --hash=sha256:23a439f31ccbeff1574e24889128821d1f7917470e830cf6544dced1c662262a \
    --hash=sha256:24e9c5386e16669b674a69c156c8eeefcb578f3b3397b713b08e6d60f3c7b187 \
    --hash=sha256:270b293dae9058fc9fcedab50f13cebf46fb8ed1d1d54e0521a9da5d6b211975 \
    --hash=sha256:29dfa0533a5d4c94d4dfa1b694fcb56c9c63aad8330ffdd816fd225d0a7a162f \
    --hash=sha256:2a9c6f195058cb45335e8cc3802745c603d716eb96bc9625950c1aac71c0c703 \
    --hash=sha256:2bfd04c19ddbd6640de0b51894d764bd2758854d5b75bd102d2ef10cb9c293a9 \
    --hash=sha256:2c54a076ca4d370980ab57bc0e31df57bbe8d41340436a90ef8b1219a3cbb127 \
    --hash=sha256:2c958bf94822e9290a40aaf2a822d4bc5c88099093e3948ad6c571eca9272e5f \
    --hash=sha256:2c99f7e8ccb3dd6e3e4bfeac657a7b208c9bac8075f4b078c02d7404c34107fa \
    --hash=sha256:2f7c26fbc5acd2522b95d4177fe4710ffd8e9b20529e703ffbf8db4d93903f05 \
    --hash=sha256:30c6dc199b24a5e3e81d50da0f00858c5bbdb2617a750395687f4339c5818171 \
    --hash=sha256:38a2fea2787428f811719ceb9114cb78964a3138838320c29ac39526c79c16ba \
    --hash=sha256:3a83ae6c67b7676b9878378547ca8e93ed77a580037bcbcd1d32f739e1e6089c \
    --hash=sha256:3cfe765c1da0072636ca06628261e0ea05688e160d5c8a03e0217c3854037223 \
    --hash=sha256:421aba32367055614287a4292b6a17f1939c9452299f7a0209c117e990b646d4 \
    --hash=sha256:425560c6fa0415f27261727bb20bd097568485e5eb0c121f1949417d1c516885 \
    --hash=sha256:4470ce197d4090875cf6affbf1f853338387428df97c4fb7b7106317b8214698 \
    --hash=sha256:4cf2d36a2357e4d07bb5a4f98801265327b48256867816cfd2ceb001e9754a8f \
    --hash=sha256:4f4bca01b63096f606e095734dd56e74e175f94cfbf24ff3d63281cec61f7bb7 \
    --hash=sha256:501f9f04a588d6a09179368c57071301445191767c64e4b52a6aa9871f1ef5ed \
    --hash=sha256:536bceea4fa4acf7e1c61da2b5786304367c816c8895be71b8f537c480b0ea1f \
    --hash=sha256:538949e262e46caa31ac01bdb3c1e8f642622922cacbabbae6a8445d9dc33eaf \
    --hash=sha256:539d75de9e0d536c84ff18dfeb805398e58227001ce09231a26a08b9aed1ee0e \
    --hash=sha256:54f45a148e28767bf343d33a684693c70e451c6f4c0e9904709a723fafbdfc1f \
    --hash=sha256:55927d532399c2c646100ff7feb48eaa940ad70f42cd68e1328f3ded9f81ca24 \
    --hash=sha256:58eadac9cd119677b60e1cf8ac4052f35949d71b8a9e5556efccbe82533cf22a \
    --hash=sha256:5e8d07bddee435a2ff6f1920e18feff28d0bc4533e42f4bf6927fbd073312c41 \
    --hash=sha256:62698275682bf121181861295c9181e789030a2d516071f5b8f3c23c170cd0fc \
    --hash=sha256:639c8929aa0afe81be836b04de888460d6bed38b9c54cfc18da8f6bfabf5af5d \
    --hash=sha256:67e3a721ffc5d8d2210d3671872298c4a84e4b8035cfe42ffd7cde35d772b146 \
    --hash=sha256:6de4744d05bd1aa1be4ed7ea1189e3979196808008113bbbf899a460966b925e \
    --hash=sha256:6e84adbcf4bf841aed8116a8264b9f50b4cb3e7bd89b516122e616ac56ca269e \
    --hash=sha256:7491ee23305ac3eb59e492b6945881f5cd77a6f731061a3f25b77fd40f9e99a4 \
    --hash=sha256:79486287de1730dbaff3dbd124d0ca4d2ef7f9d29bf2544f1f93c09b5bcbbd12 \
    --hash=sha256:7b689145a1485c335569bd056464f3243a29af7ed3871c7be31ad624ba239bc7 \
    --hash=sha256:7f88d653e7b3b779d71ae7454e20dcc9b6bae903f33c269db9f2be41bda3f261 \
    --hash=sha256:8020133a74bd81b4572dd8e4be028a6b1ebcd70e6726edc3918008c08bee6ee6 \
    --hash=sha256:808345f53cb952433ca2816f1604ff3515608a81784954f38d4452acfe8e61d5 \
    --hash=sha256:83e35b57523816c8613fd0776b40cd8bb9f596b37ddd2692eb4a6bb5ab2f8c93 \
    --hash=sha256:842e7b070435622248c7a2c44ae53fa1440e073cc3023bc919fed570884097a7 \
    --hash=sha256:847927daf4cffbd4e90e42bc890069897101edd015f956cb8721b3473372edda \
    --hash=sha256:882076c00c0a608b131187055ddc5ae29f2e7eaf870d6168980420d58528a5c8 \
    --hash=sha256:8b95977e7211527ab0ba576e286d023389fbeeb32a6b7b771665d333c60e5342 \
    --hash=sha256:8bb68f03f395eb793220b45c097bd4d8c32944393da0fad8b999efac0868fc8c \
    --hash=sha256:8c2642a7603ec0b16ed77da4555db3b4b472341904873788327c0b0d7b95f1bb \
    --hash=sha256:8c3d1e9c15b9d51ca0391e13da1a25a0a4df3c58a37c9dc368e0736cf7f69df0 \
    --hash=sha256:8c6e5a2f750cc71c3e3b11d71661f21d6f9bc6cebc6564b1466417a1ec03ec77 \
    --hash=sha256:8d2294a31386bfa251d8c8a39472beee17db67d4f1a6eabea665d35c9a4461c3 \
    --hash=sha256:8e4320744c1ffdd95a603def63344bfab2d33edeab301c5007e7de9f9f5b3885 \
    --hash=sha256:8e65860d238379ed982fd9ba690579b5e95af2f4840f99c772816dbe573cb826 \
    --hash=sha256:8f2e5c5ee828d42cb11760761c0af6507927bec42d0ad5458f97c9203b054617 \
    --hash=sha256:900a67df3fd1660b035a4761c4ce73c382ea6b35f90f9863c36c6fd8bf8b09bb \
    --hash=sha256:913ca42ccad3f8cc6e292b587ae8ae49c8c823e5dce51a736252fc7c7cdfa577 \
    --hash=sha256:9250a9a0a6fd4648b3f868da8d91a4c52b5811a62df58e753d50ae4454a36f80 \
    --hash=sha256:931908d9fc855d8f74783377822be318edb6dcb19e47169dc038f9a1bf60b06e \
    --hash=sha256:9826217f048f620d9a712672818bf231442c1b35d96b227a07eabd11b4bb6945 \
    --hash=sha256:9891e594296ab9dada6551c8e7b387b2721f27a67eecd528412e8906247a7b90 \
    --hash=sha256:9c1255b302953c86a486b81d330d5ee1d5bd937691ce271b6be0ef0e299eaab7 \
    --hash=sha256:a0811d33247c3d6128a3001d763f2aa056bb3425204335400ac54f89eec3a0d0 \
    --hash=sha256:a136d453475ac0fcbda502ef1e6504bd28d6d904700915d278deeab0d00fe140 \
    --hash=sha256:a214c993455f99a89aaeadc9b21241900037adc9d97203e374d75513c5911822 \
    --hash=sha256:a3086b538543802f84c843911242db20447de00d8752dd0efc936dbcf02218ba \
    --hash=sha256:a3450b693fde92133e9f51060568a4c31fcca76d5e53bbd611e689ca446517e9 \
    --hash=sha256:a550fb4950a06dde3beb4721f5ad4b25bf4513784665b0a8522c792e2bd822a4 \
    --hash=sha256:a9f4645593036b81bbdb36b9c8e0ea0d1c3fee968c4d59db0344c14087ef143a \
    --hash=sha256:aca6c1ef08a82bfe327cc156da694660f599923e2e6665b6d81c9c2d0ac9ffc8 \
    --hash=sha256:acac386b453c2516111b50985d60ce46e7fadb5ea71ae7b25f4c946935bf27cf \
    --hash=sha256:acc992ab27b15f852c76755eb2ab7dce86585ddadba6fa5946e58556088845b4 \
    --hash=sha256:ae3d4fe8c0b9213624fdce7279d70e3b148b682ca20719ebd193a23ebfa47324 \
    --hash=sha256:ae50181a047c871561212bb97f7932a2d45fb53e947bd9b57ebad85b529cbc53 \
    --hash=sha256:ae6dd8f10bd17aad820876d24caec9efdafd80a318d16c0a48edb5e136902c6b \
    --hash=sha256:af05d726809bff6b141be124d4c7ce998f9c9c7f30edb1f46c07aa103d540b41 \
    --hash=sha256:afd70d95892096cdb26f15a00c45907b17817577aa8d1c76b2dcc2788391f9e9 \
    --hash=sha256:b5c2dc92304aa48a4a60443b548bb12f12e119d4b72f314015e67b9e1be97fca \
    --hash=sha256:bc0011654b91cc4fb2ae701bec0a0ba1e552c0714247fa7af6c59e0ccfa3a4e1 \
    --hash=sha256:bcfbcf66006befb9fd2aeaa9e01feaf881b4dc330a02ba07d2322b1c11be7b5d \
    --hash=sha256:bdbd97738551fca3917c1bd7188bec1920bb520104f28e7e1007f9ceb17b7690 \
    --hash=sha256:c60924535c75f1566b6eb75b5c31a48a43fef04fa2d0d201acbad8a9969c6107 \
    --hash=sha256:c7b9a2f8f4d8e90af72571d3d495deebdd7e3c75451f5b41719aee166e940fc2 \
    --hash=sha256:ca6546b66be9dc4738b1b043d5ebd5488c66c578c5ff0fd0e8065313fe3afb76 \
    --hash=sha256:ccffae9a092a00deb7efd545fe5e2c33c33b88e7c054337e9a74c179347d0b7d \
    --hash=sha256:cdc7e35386f3847df728fbcb5e887e2d79c19e2fa1eba9e51b6621d23e3243af \
    --hash=sha256:d15fde0e6fb0d88a60d221204873743e5d9f0b7d29165e62cd86d0413ad74ba6 \
    --hash=sha256:d34c20167764fbcf927194d532dd7e0c56772f0a5f943fa5ef9e9afbba8fb9db \
    --hash=sha256:d483fe17f01ad64b7bf7cc38fcefff1ca9fb83f8c2b2542b68f97ffe0611b369 \
    --hash=sha256:d7469697dce35be237db177d42e2a2ee26e6dcc5fc052078a6fefabd288c6edd \
    --hash=sha256:db08f45aecde626498fb3df07bcf6d2ec040af42e859a4f5040d79c200342911 \
    --hash=sha256:dc319e5a1de4b6913aac94bf6a2f9e847371e0a140a43dd4991db1a09bc2d504 \
    --hash=sha256:de3eceba0b683bcbb1ab93da016d0270df1f9ae7be716b40214c5dafac6ea45a \
    --hash=sha256:dfcc8b909769d19db55c7cc9541eb64b9b774b1057ffffb4f1048070475bb9f9 \
    --hash=sha256:e059c5dde6452b44424bd1834557556c226b57781dee1227af23518459722b13 \
    --hash=sha256:e4316bf32babbed84e691e352faf967ce2f0f024174a8643c37c94a1080374fc \
    --hash=sha256:e52655eaf81e32593abedaa4bfe33170c8cfedf3365ed9be6e11e07f148f0278 \
    --hash=sha256:e55d236be29255554da47abe5c577637db7c24a02b8b46f0ca9524c855801868 \
    --hash=sha256:ea7bb13b7c9a29791f87a0387ba7d3ad3a6d783d827e4d3f27b40a0ff44495e2 \
    --hash=sha256:ea964164cc9afa72d4d9b23cc28dafae93693c0a53e0b42acbff15b22c3f9ddd \
    --hash=sha256:ec829541c45bca16e61c7ae50c20501f213605beb75d1aba91a6ee37fbbb56a4 \
    --hash=sha256:ecabd69db66de867690f9797f2f8fa27ba501bbc24540cbdbdc649cd15888ba6 \
    --hash=sha256:ed0c1e5d10cdc7135537988c74a0188da68e2f3c30813ba3744ab1e42e0480f9 \
    --hash=sha256:f0840b5b17057f7fd918b76183a4b5a0635f43e14eb2ce60dce1d4ee4707ea00 \
    --hash=sha256:f4d78253f6996be4901669ad25319f842f740eccf4d58e3c7f3dd39e6dde1d8f \
    --hash=sha256:f56f1695bc5c0871cbc33dc0130fcf503aab0c57dcc5a6700a4f49eba4f2652e \
    --hash=sha256:f826877d462181e5eb1c26a0026b8d0cab05d99844ecb6d8bf3627a2ca0c0442 \
    --hash=sha256:f8f23ead891a3b762f35ab3b04623da7056545b48aa60d59957e6789914545da \
    --hash=sha256:f90938e92afda60266da758ee7d363447f7f0138c9559f9e1811629580582d90 \
    --hash=sha256:faa679d19a6696fd54259ad321251ad77a13e70e03dd834daa762a44fb6196ef
    # via
    #   jsonschema
    #   referencing
ruff==0.12.12 \
    --hash=sha256:01543c137fd3650d322922e8b14cc133b8ea734617c4891c5a9fccf4bfc9aa92 \
    --hash=sha256:0c0945246f5ad776cb8925e36af2438e66188d2b57d9cf2eed2c382c58b371e5 \
    --hash=sha256:173be2bfc142af07a01e3a759aba6f7791aa47acf3604f610b1c36db888df7b1 \
    --hash=sha256:26a1b5a2bf7dd2c47e3b46d077cd9c0fc3b93e6c6cc9ed750bd312ae9dc302ee \
    --hash=sha256:2a8199cab4ce4d72d158319b63370abf60991495fb733db96cd923a34c52d093 \
    --hash=sha256:2afc2fa864197634e549d87fb1e7b6feb01df0a80fd510d6489e1ce8c0b1cc45 \
    --hash=sha256:42a67d16e5b1ffc6d21c5f67851e0e769517fb57a8ebad1d0781b30888aa704e \
    --hash=sha256:59f909c0fdd8f1dcdbfed0b9569b8bf428cf144bec87d9de298dcd4723f5bee8 \
    --hash=sha256:5f12856123b0ad0147d90b3961f5c90e7427f9acd4b40050705499c98983f489 \
    --hash=sha256:7acd6045e87fac75a0b0cdedacf9ab3e1ad9d929d149785903cff9bb69ad9727 \
    --hash=sha256:968e77094b1d7a576992ac078557d1439df678a34c6fe02fd979f973af167577 \
    --hash=sha256:9ac93d87047e765336f0c18eacad51dad0c1c33c9df7484c40f98e1d773876f5 \
    --hash=sha256:a0fbafe8c58e37aae28b84a80ba1817f2ea552e9450156018a478bf1fa80f4e4 \
    --hash=sha256:abf4073688d7d6da16611f2f126be86523a8ec4343d15d276c614bda8ec44edb \
    --hash=sha256:b216ec0a0674e4b1214dcc998a5088e54eaf39417327b19ffefba1c4a1e4971e \
    --hash=sha256:b86cd3415dbe31b3b46a71c598f4c4b2f550346d1ccf6326b347cc0c8fd063d6 \
    --hash=sha256:b9c456fb2fc8e1282affa932c9e40f5ec31ec9cbb66751a316bd131273b57c23 \
    --hash=sha256:de1c4b916d98ab289818e55ce481e2cacfaad7710b01d1f990c497edf217dafc \
    --hash=sha256:e99620bf01884e5f38611934c09dd194eb665b0109104acae3ba6102b600fd0d
    # via -r requirements-dev.in
setuptools==80.9.0 \
    --hash=sha256:062d34222ad13e0cc312a4c02d73f059e86a4acbfbdea8f8f76b28c99f306922 \
    --hash=sha256:f36b47402ecde768dbfafc46e8e4207b4360c654f1f3bb84475f0a28628fb19c
    # via -r requirements-dev.in
typing-extensions==4.16.0 \
    --hash=sha256:481caa481374e813c1b176ada14e97f1f67a4539ce9cfeb3f350d78d6370c2e8 \
    --hash=sha256:dc983d19a509c94dba722ee6abd33940f7c05a89e243c47e907eb4db6f1a43e5
    # via referencing
wheel==0.45.1 \
    --hash=sha256:661e1abd9198507b1409a20c02106d9670b2576e916d58f520316666abca6729 \
    --hash=sha256:708e7481cc80179af0e556bbf0cc00b8444c7321e2700b8d8580231d13017248
    # via -r requirements-dev.in
